uuid: a48c083e-3d00-4c26-8ad2-6997220d44da
langcode: en
status: true
dependencies:
  module:
    - article
  theme:
    - bartik
id: articleblock
theme: bartik
region: sidebar_second
weight: 0
provider: null
plugin: article_block
settings:
  id: article_block
  label: 'Article block'
  provider: article
  label_display: visible
visibility: {  }
